
Microsoft Visual Studio Solution File, Format Version 12.00
# Visual Studio 15
VisualStudioVersion = 15.0.26730.15
MinimumVisualStudioVersion = 10.0.40219.1
Project("{FAE04EC0-301F-11D3-BF4B-00C04F79EFBC}") = "WorkingHoliday.Console", "WorkingHoliday.Console\WorkingHoliday.Console.csproj", "{C5BD1BDE-6C68-48A8-BE19-E52978ED822E}"
EndProject
Global
	GlobalSection(SolutionConfigurationPlatforms) = preSolution
		Debug|Any CPU = Debug|Any CPU
		Release|Any CPU = Release|Any CPU
	EndGlobalSection
	GlobalSection(ProjectConfigurationPlatforms) = postSolution
		{C5BD1BDE-6C68-48A8-BE19-E52978ED822E}.Debug|Any CPU.ActiveCfg = Debug|Any CPU
		{C5BD1BDE-6C68-48A8-BE19-E52978ED822E}.Debug|Any CPU.Build.0 = Debug|Any CPU
		{C5BD1BDE-6C68-48A8-BE19-E52978ED822E}.Release|Any CPU.ActiveCfg = Release|Any CPU
		{C5BD1BDE-6C68-48A8-BE19-E52978ED822E}.Release|Any CPU.Build.0 = Release|Any CPU
	EndGlobalSection
	GlobalSection(SolutionProperties) = preSolution
		HideSolutionNode = FALSE
	EndGlobalSection
	GlobalSection(ExtensibilityGlobals) = postSolution
		SolutionGuid = {7D880CA9-1794-4FDF-8D85-CC969271B8F4}
	EndGlobalSection
EndGlobal
